
Microsoft Visual Studio Solution File, Format Version 12.00
# Visual Studio Version 17
VisualStudioVersion = 17.9.34728.123
MinimumVisualStudioVersion = 10.0.40219.1
Project("{9A19103F-16F7-4668-BE54-9A1E7A4F7556}") = "SimpleBlog", "SimpleBlog.csproj", "{26314B36-CC93-41A3-9DCC-E5D76F30C09D}"
EndProject
Global
	GlobalSection(SolutionConfigurationPlatforms) = preSolution
		Debug|Any CPU = Debug|Any CPU
		Release|Any CPU = Release|Any CPU
	EndGlobalSection
	GlobalSection(ProjectConfigurationPlatforms) = postSolution
		{26314B36-CC93-41A3-9DCC-E5D76F30C09D}.Debug|Any CPU.ActiveCfg = Debug|Any CPU
		{26314B36-CC93-41A3-9DCC-E5D76F30C09D}.Debug|Any CPU.Build.0 = Debug|Any CPU
		{26314B36-CC93-41A3-9DCC-E5D76F30C09D}.Release|Any CPU.ActiveCfg = Release|Any CPU
		{26314B36-CC93-41A3-9DCC-E5D76F30C09D}.Release|Any CPU.Build.0 = Release|Any CPU
	EndGlobalSection
	GlobalSection(SolutionProperties) = preSolution
		HideSolutionNode = FALSE
	EndGlobalSection
	GlobalSection(ExtensibilityGlobals) = postSolution
		SolutionGuid = {5CEB3F0F-5C38-416C-8249-9E9B992C8E04}
	EndGlobalSection
EndGlobal
